
Microsoft Visual Studio Solution File, Format Version 12.00
# Visual Studio Version 16
VisualStudioVersion = 16.0.30413.136
MinimumVisualStudioVersion = 10.0.40219.1
Project("{9A19103F-16F7-4668-BE54-9A1E7A4F7556}") = "PersonalBlogweb.api", "PersonalBlogweb.api\PersonalBlogweb.api.csproj", "{BD74507F-D2DA-4CE0-9C54-D6D04A3F6F1B}"
EndProject
Project("{FAE04EC0-301F-11D3-BF4B-00C04F79EFBC}") = "PersonalBlogweb.Common", "PersonalBlogweb.Common\PersonalBlogweb.Common.csproj", "{8A7849C2-1C53-4649-A5C1-F7E916D8C5B0}"
EndProject
Project("{FAE04EC0-301F-11D3-BF4B-00C04F79EFBC}") = "PersonalBlogweb.Data", "PersonalBlogweb.Data\PersonalBlogweb.Data.csproj", "{CD42AE6D-FEA3-4D58-8893-EFB592172FF0}"
EndProject
Project("{FAE04EC0-301F-11D3-BF4B-00C04F79EFBC}") = "PersonalBlogweb.Domain", "PersonalBlogweb.Domain\PersonalBlogweb.Domain.csproj", "{F7FE8067-FEE6-4A07-8F00-15DB9A991D32}"
EndProject
Project("{FAE04EC0-301F-11D3-BF4B-00C04F79EFBC}") = "PersonalBlogweb.Entity", "PersonalBlogweb.Entity\PersonalBlogweb.Entity.csproj", "{02D98D51-37B8-41EC-AD93-A5E27F6D9763}"
EndProject
Project("{00D1A9C2-B5F0-4AF3-8072-F6C62B433612}") = "PersonalBlogweb.SQL", "PersonalBlogweb.SQL\PersonalBlogweb.SQL.sqlproj", "{EC54DE9F-962F-4F84-8452-04FF63908441}"
EndProject
Global
	GlobalSection(SolutionConfigurationPlatforms) = preSolution
		Debug|Any CPU = Debug|Any CPU
		Release|Any CPU = Release|Any CPU
	EndGlobalSection
	GlobalSection(ProjectConfigurationPlatforms) = postSolution
		{BD74507F-D2DA-4CE0-9C54-D6D04A3F6F1B}.Debug|Any CPU.ActiveCfg = Debug|Any CPU
		{BD74507F-D2DA-4CE0-9C54-D6D04A3F6F1B}.Debug|Any CPU.Build.0 = Debug|Any CPU
		{BD74507F-D2DA-4CE0-9C54-D6D04A3F6F1B}.Release|Any CPU.ActiveCfg = Release|Any CPU
		{BD74507F-D2DA-4CE0-9C54-D6D04A3F6F1B}.Release|Any CPU.Build.0 = Release|Any CPU
		{8A7849C2-1C53-4649-A5C1-F7E916D8C5B0}.Debug|Any CPU.ActiveCfg = Debug|Any CPU
		{8A7849C2-1C53-4649-A5C1-F7E916D8C5B0}.Debug|Any CPU.Build.0 = Debug|Any CPU
		{8A7849C2-1C53-4649-A5C1-F7E916D8C5B0}.Release|Any CPU.ActiveCfg = Release|Any CPU
		{8A7849C2-1C53-4649-A5C1-F7E916D8C5B0}.Release|Any CPU.Build.0 = Release|Any CPU
		{CD42AE6D-FEA3-4D58-8893-EFB592172FF0}.Debug|Any CPU.ActiveCfg = Debug|Any CPU
		{CD42AE6D-FEA3-4D58-8893-EFB592172FF0}.Debug|Any CPU.Build.0 = Debug|Any CPU
		{CD42AE6D-FEA3-4D58-8893-EFB592172FF0}.Release|Any CPU.ActiveCfg = Release|Any CPU
		{CD42AE6D-FEA3-4D58-8893-EFB592172FF0}.Release|Any CPU.Build.0 = Release|Any CPU
		{F7FE8067-FEE6-4A07-8F00-15DB9A991D32}.Debug|Any CPU.ActiveCfg = Debug|Any CPU
		{F7FE8067-FEE6-4A07-8F00-15DB9A991D32}.Debug|Any CPU.Build.0 = Debug|Any CPU
		{F7FE8067-FEE6-4A07-8F00-15DB9A991D32}.Release|Any CPU.ActiveCfg = Release|Any CPU
		{F7FE8067-FEE6-4A07-8F00-15DB9A991D32}.Release|Any CPU.Build.0 = Release|Any CPU
		{02D98D51-37B8-41EC-AD93-A5E27F6D9763}.Debug|Any CPU.ActiveCfg = Debug|Any CPU
		{02D98D51-37B8-41EC-AD93-A5E27F6D9763}.Debug|Any CPU.Build.0 = Debug|Any CPU
		{02D98D51-37B8-41EC-AD93-A5E27F6D9763}.Release|Any CPU.ActiveCfg = Release|Any CPU
		{02D98D51-37B8-41EC-AD93-A5E27F6D9763}.Release|Any CPU.Build.0 = Release|Any CPU
		{EC54DE9F-962F-4F84-8452-04FF63908441}.Debug|Any CPU.ActiveCfg = Debug|Any CPU
		{EC54DE9F-962F-4F84-8452-04FF63908441}.Debug|Any CPU.Build.0 = Debug|Any CPU
		{EC54DE9F-962F-4F84-8452-04FF63908441}.Debug|Any CPU.Deploy.0 = Debug|Any CPU
		{EC54DE9F-962F-4F84-8452-04FF63908441}.Release|Any CPU.ActiveCfg = Release|Any CPU
		{EC54DE9F-962F-4F84-8452-04FF63908441}.Release|Any CPU.Build.0 = Release|Any CPU
		{EC54DE9F-962F-4F84-8452-04FF63908441}.Release|Any CPU.Deploy.0 = Release|Any CPU
	EndGlobalSection
	GlobalSection(SolutionProperties) = preSolution
		HideSolutionNode = FALSE
	EndGlobalSection
	GlobalSection(ExtensibilityGlobals) = postSolution
		SolutionGuid = {DEADE92D-A6DE-4002-A879-4251A1AA8AAA}
	EndGlobalSection
EndGlobal
